
Microsoft Visual Studio Solution File, Format Version 12.00
# Visual Studio Version 16
VisualStudioVersion = 16.0.30011.22
MinimumVisualStudioVersion = 10.0.40219.1
Project("{FAE04EC0-301F-11D3-BF4B-00C04F79EFBC}") = "MultiplayerTicTacToe", "MultiplayerTicTacToe\MultiplayerTicTacToe.csproj", "{1F7F8D2B-0B4B-4C59-B5E0-76DEC379F153}"
EndProject
Global
	GlobalSection(SolutionConfigurationPlatforms) = preSolution
		Debug|Any CPU = Debug|Any CPU
		Release|Any CPU = Release|Any CPU
	EndGlobalSection
	GlobalSection(ProjectConfigurationPlatforms) = postSolution
		{1F7F8D2B-0B4B-4C59-B5E0-76DEC379F153}.Debug|Any CPU.ActiveCfg = Debug|Any CPU
		{1F7F8D2B-0B4B-4C59-B5E0-76DEC379F153}.Debug|Any CPU.Build.0 = Debug|Any CPU
		{1F7F8D2B-0B4B-4C59-B5E0-76DEC379F153}.Release|Any CPU.ActiveCfg = Release|Any CPU
		{1F7F8D2B-0B4B-4C59-B5E0-76DEC379F153}.Release|Any CPU.Build.0 = Release|Any CPU
	EndGlobalSection
	GlobalSection(SolutionProperties) = preSolution
		HideSolutionNode = FALSE
	EndGlobalSection
	GlobalSection(ExtensibilityGlobals) = postSolution
		SolutionGuid = {BA9185C3-8ACE-42A4-B6C6-726DA259D18D}
	EndGlobalSection
EndGlobal
